{
  "name": "my-ts-scripts",
  "version": "1.0.0",
  "lockfileVersion": 1,
  "requires": true,
  "dependencies": {
    "@tsconfig/node14": {
      "version": "1.0.1",
      "resolved": "https://registry.npmjs.org/@tsconfig/node14/-/node14-1.0.1.tgz",
      "integrity": "sha512-509r2+yARFfHHE7T6Puu2jjkoycftovhXRqW328PDXTVGKihlb1P8Z9mMZH04ebyajfRY7dedfGynlrFHJUQCg==",
      "dev": true
    },
    "@types/node": {
      "version": "17.0.31",
      "resolved": "https://registry.npmjs.org/@types/node/-/node-17.0.31.tgz",
      "integrity": "sha512-AR0x5HbXGqkEx9CadRH3EBYx/VkiUgZIhP4wvPn/+5KIsgpNoyFaRlVe0Zlx9gRtg8fA06a9tskE2MSN7TcG4Q==",
      "dev": true
    },
    "@types/readline-sync": {
      "version": "1.4.4",
      "resolved": "https://registry.npmjs.org/@types/readline-sync/-/readline-sync-1.4.4.tgz",
      "integrity": "sha512-cFjVIoiamX7U6zkO2VPvXyTxbFDdiRo902IarJuPVxBhpDnXhwSaVE86ip+SCuyWBbEioKCkT4C88RNTxBM1Dw=="
    },
    "readline-sync": {
      "version": "1.4.10",
      "resolved": "https://registry.npmjs.org/readline-sync/-/readline-sync-1.4.10.tgz",
      "integrity": "sha512-gNva8/6UAe8QYepIQH/jQ2qn91Qj0B9sYjMBBs3QOB8F2CXcKgLxQaJRP76sWVRQt+QU+8fAkCbCvjjMFu7Ycw=="
    }
  }
}
